
Microsoft Visual Studio Solution File, Format Version 12.00
# Visual Studio Version 17
VisualStudioVersion = 17.8.34408.163
MinimumVisualStudioVersion = 10.0.40219.1
Project("{FAE04EC0-301F-11D3-BF4B-00C04F79EFBC}") = "QuCodeChallenge", "QuCodeChallenge\QuCodeChallenge.csproj", "{174E8D09-B41D-4BDD-94E7-34C0183FEF32}"
EndProject
Global
	GlobalSection(SolutionConfigurationPlatforms) = preSolution
		Debug|Any CPU = Debug|Any CPU
		Release|Any CPU = Release|Any CPU
	EndGlobalSection
	GlobalSection(ProjectConfigurationPlatforms) = postSolution
		{174E8D09-B41D-4BDD-94E7-34C0183FEF32}.Debug|Any CPU.ActiveCfg = Debug|Any CPU
		{174E8D09-B41D-4BDD-94E7-34C0183FEF32}.Debug|Any CPU.Build.0 = Debug|Any CPU
		{174E8D09-B41D-4BDD-94E7-34C0183FEF32}.Release|Any CPU.ActiveCfg = Release|Any CPU
		{174E8D09-B41D-4BDD-94E7-34C0183FEF32}.Release|Any CPU.Build.0 = Release|Any CPU
	EndGlobalSection
	GlobalSection(SolutionProperties) = preSolution
		HideSolutionNode = FALSE
	EndGlobalSection
	GlobalSection(ExtensibilityGlobals) = postSolution
		SolutionGuid = {C05F9B76-CB1D-47D7-ADFF-F755E87F58FC}
	EndGlobalSection
EndGlobal
